github.com/google/go-cmp v0.5.8 h1:e6P7q2lk1O+qJJb4BtCQXlK8vWEO8V1ZeuEdJNOqZyg=
github.com/google/go-cmp v0.5.8/go.mod h1:17dUlkBOakJ0+DkrSSNjCkIjxS6bF9zb3elmeNGIjoY=
github.com/searKing/golang/go v1.2.112 h1:g7aKFhie5U/vOJsBYO62T/eGXzKouAbCr+4bICFl4sM=
github.com/searKing/golang/go v1.2.112/go.mod h1:VoL3JmaQd7yt+o9jZ9t9HnfABv5/RYBGzMXlS5415S0=
github.com/searKing/golang/tools/protoc-gen-go-tag v1.2.112 h1:xzJc9jsUDp4ELm2DD/u2zstcsMSvczH1cC3VDk5i9oY=
github.com/searKing/golang/tools/protoc-gen-go-tag v1.2.112/go.mod h1:1G0gyghpVjJOLJjuLFu2Q+Q6vfNvbTcjPtDVe0hRuXU=
google.golang.org/protobuf v1.32.0 h1:pPC6BG5ex8PDFnkbrGU3EixyhKcQ2aDuBS36lqK/C7I=
google.golang.org/protobuf v1.32.0/go.mod h1:c6P6GXX6sHbq/GpV6MGZEdwhWPcYBgnhAHhKbcUYpos=
