github.com/searKing/golang/go v1.2.115 h1:JqnZZXanD/TphR1aT0NOOpJnt78PL1cJA5/ZzYIpjNM=
github.com/searKing/golang/go v1.2.115/go.mod h1:VoL3JmaQd7yt+o9jZ9t9HnfABv5/RYBGzMXlS5415S0=
github.com/searKing/golang/tools v1.2.115 h1:bkTPa62xqhV7D0JJKZw41xfTHecKVG7hg/ksp8tqyUY=
github.com/searKing/golang/tools v1.2.115/go.mod h1:QtwFM73H1qMKlRl0p8NRWXrNaCaffoYkNHk5YMoRyOY=
github.com/searKing/golang/tools/go-enum v1.2.115 h1:PIGbLqwjJnFgQGrrcaUfoncg/7GG3hlselpygRZ5nNE=
github.com/searKing/golang/tools/go-enum v1.2.115/go.mod h1:DKitQ9Bz9VxF82p7E0jcJiYdOq35vMS2eQSJPbdR7Zw=
golang.org/x/mod v0.15.0 h1:SernR4v+D55NyBH2QiEQrlBAnj1ECL6AGrA5+dPaMY8=
golang.org/x/mod v0.15.0/go.mod h1:hTbmBsO62+eylJbnUtE2MGJUyE7QWk4xUqPFrRgJ+7c=
golang.org/x/sync v0.6.0 h1:5BMeUDZ7vkXGfEr1x9B4bRcTH4lpkTkpdh0T/J+qjbQ=
golang.org/x/sync v0.6.0/go.mod h1:Czt+wKu1gCyEFDUtn0jG5QVvpJ6rzVqr5aXyt9drQfk=
golang.org/x/tools v0.18.0 h1:k8NLag8AGHnn+PHbl7g43CtqZAwG60vZkLqgyZgIHgQ=
golang.org/x/tools v0.18.0/go.mod h1:GL7B4CwcLLeo59yx/9UWWuNOW1n3VZ4f5axWfML7Lcg=
