github.com/searKing/golang/go v1.2.59 h1:LR3CYoGcwBjQJJ+CCUV3gI/s1K+FHwNYxvwE4nn/vhg=
github.com/searKing/golang/go v1.2.59/go.mod h1:1K5DLM4udnewKiTjyyjjtnXvkqXXEeFor+BWSWks1U8=
github.com/searKing/golang/tools v1.2.29 h1:gWX4aCA1+N7CfLpNd6tmBjYtecTksZFXziqbQ+AJKLo=
github.com/searKing/golang/tools v1.2.29/go.mod h1:QtwFM73H1qMKlRl0p8NRWXrNaCaffoYkNHk5YMoRyOY=
golang.org/x/mod v0.8.0 h1:LUYupSeNrTNCGzR/hVBk2NHZO4hXcVaW1k4Qx7rjPx8=
golang.org/x/mod v0.8.0/go.mod h1:iBbtSCu2XBx23ZKBPSOrRkjjQPZFPuis4dIYUhu/chs=
golang.org/x/sync v0.1.0 h1:wsuoTGHzEhffawBOhz5CYhcrV4IdKZbEyZjBMuTp12o=
golang.org/x/sys v0.5.0 h1:MUK/U/4lj1t1oPg0HfuXDN/Z1wv31ZJ/YcPiGccS4DU=
golang.org/x/sys v0.5.0/go.mod h1:oPkhp1MJrh7nUepCBck5+mAzfO9JrbApNNgaTdGDITg=
golang.org/x/tools v0.6.0 h1:BOw41kyTf3PuCW1pVQf8+Cyg8pMlkYB1oo9iJ6D/lKM=
golang.org/x/tools v0.6.0/go.mod h1:Xwgl3UAJ/d3gWutnCtw505GrjyAbvKui8lOU390QaIU=
