github.com/searKing/golang/go v1.2.82 h1:5GkAtWzE0ckxS21T0pwYZmA9f5Hmqrgd8AeCKAc0Mt0=
github.com/searKing/golang/go v1.2.82/go.mod h1:BzAooCyMWGmaGuGdzs6TbXFheWGah8R9/0p+n8D4Mvs=
github.com/searKing/golang/tools v1.2.29 h1:gWX4aCA1+N7CfLpNd6tmBjYtecTksZFXziqbQ+AJKLo=
github.com/searKing/golang/tools v1.2.29/go.mod h1:QtwFM73H1qMKlRl0p8NRWXrNaCaffoYkNHk5YMoRyOY=
golang.org/x/exp v0.0.0-20230713183714-613f0c0eb8a1 h1:MGwJjxBy0HJshjDNfLsYO8xppfqWlA5ZT9OhtUUhTNw=
golang.org/x/exp v0.0.0-20230713183714-613f0c0eb8a1/go.mod h1:FXUEEKJgO7OQYeo8N01OfiKP8RXMtf6e8aTskBGqWdc=
golang.org/x/mod v0.12.0 h1:rmsUpXtvNzj340zd98LZ4KntptpfRHwpFOHG188oHXc=
golang.org/x/mod v0.12.0/go.mod h1:iBbtSCu2XBx23ZKBPSOrRkjjQPZFPuis4dIYUhu/chs=
golang.org/x/sync v0.3.0 h1:ftCYgMx6zT/asHUrPw8BLLscYtGznsLAnjq5RH9P66E=
golang.org/x/sys v0.11.0 h1:eG7RXZHdqOJ1i+0lgLgCpSXAp6M3LYlAo6osgSi0xOM=
golang.org/x/sys v0.11.0/go.mod h1:oPkhp1MJrh7nUepCBck5+mAzfO9JrbApNNgaTdGDITg=
golang.org/x/tools v0.12.0 h1:YW6HUoUmYBpwSgyaGaZq1fHjrBjX1rlpZ54T6mu2kss=
golang.org/x/tools v0.12.0/go.mod h1:Sc0INKfu04TlqNoRA1hgpFZbhYXHPr4V5DzpSBTPqQM=
