github.com/searKing/golang/go v1.2.77 h1:w0pRO20SxsUQIJzTEHFt+fAt0MfBH4RwGRyMrbY0HoA=
github.com/searKing/golang/go v1.2.77/go.mod h1:2Ao6QPnuHPrYOGKl3zXwzZQhOVZJjYyIcySaG9rb/oU=
github.com/searKing/golang/tools v1.2.29 h1:gWX4aCA1+N7CfLpNd6tmBjYtecTksZFXziqbQ+AJKLo=
github.com/searKing/golang/tools v1.2.29/go.mod h1:QtwFM73H1qMKlRl0p8NRWXrNaCaffoYkNHk5YMoRyOY=
golang.org/x/mod v0.11.0 h1:bUO06HqtnRcc/7l71XBe4WcqTZ+3AH1J59zWDDwLKgU=
golang.org/x/mod v0.11.0/go.mod h1:iBbtSCu2XBx23ZKBPSOrRkjjQPZFPuis4dIYUhu/chs=
golang.org/x/sync v0.3.0 h1:ftCYgMx6zT/asHUrPw8BLLscYtGznsLAnjq5RH9P66E=
golang.org/x/sys v0.9.0 h1:KS/R3tvhPqvJvwcKfnBHJwwthS11LRhmM5D59eEXa0s=
golang.org/x/sys v0.9.0/go.mod h1:oPkhp1MJrh7nUepCBck5+mAzfO9JrbApNNgaTdGDITg=
golang.org/x/tools v0.10.0 h1:tvDr/iQoUqNdohiYm0LmmKcBk+q86lb9EprIUFhHHGg=
golang.org/x/tools v0.10.0/go.mod h1:UJwyiVBsOA2uwvK/e5OY3GTpDUJriEd+/YlqAwLPmyM=
